{
  "name": "deviceApp",
  "lockfileVersion": 3,
  "requires": true,
  "packages": {
    "": {
      "dependencies": {
        "@qiun/ucharts": "^2.5.0-20230101",
        "@qiun/uni-ucharts": "^2.5.0-20230101",
        "uview-ui": "^2.0.38"
      }
    },
    "node_modules/@qiun/ucharts": {
      "version": "2.5.0-20230101",
      "resolved": "https://registry.npmjs.org/@qiun/ucharts/-/ucharts-2.5.0-20230101.tgz",
      "integrity": "sha512-C7ccBgfPuGF6dxTRuMW0NPPMSCf1k/kh3I9zkRVBc5PaivudX/rPL+jd2Wty6gn5ya5L3Ob+YmYe09V5xw66Cw==",
      "license": "Apache"
    },
    "node_modules/@qiun/uni-ucharts": {
      "version": "2.5.0-20230101",
      "resolved": "https://registry.npmjs.org/@qiun/uni-ucharts/-/uni-ucharts-2.5.0-20230101.tgz",
      "integrity": "sha512-qpgzAUgrShgKNn0uMoN54n6/MkFeQQpK2gur0Fzokn8oTIMCVjTfnt8C2UhD20pPlm6MFxwkWF+bsJ3qd4QMvg==",
      "license": "Apache"
    },
    "node_modules/uview-ui": {
      "version": "2.0.38",
      "resolved": "https://registry.npmjs.org/uview-ui/-/uview-ui-2.0.38.tgz",
      "integrity": "sha512-6egHDf9lXHKpG3hEjRE0vMx4+VWwKk/ReTf5x18KrIKqdvdPRqO3+B8Unh7vYYwrIxzAWIlmhZ9RJpKI/4UqPQ==",
      "engines": {
        "HBuilderX": "^3.1.0"
      }
    }
  }
}
